
Microsoft Visual Studio Solution File, Format Version 12.00
# Visual Studio Version 17
VisualStudioVersion = 17.7.34221.43
MinimumVisualStudioVersion = 10.0.40219.1
Project("{888888A0-9F3D-457C-B088-3A5042F75D52}") = "demos", "demos.pyproj", "{A29DCB9B-A653-49CB-A082-9314AC4E658B}"
EndProject
Global
	GlobalSection(SolutionConfigurationPlatforms) = preSolution
		Debug|Any CPU = Debug|Any CPU
		Release|Any CPU = Release|Any CPU
	EndGlobalSection
	GlobalSection(ProjectConfigurationPlatforms) = postSolution
		{A29DCB9B-A653-49CB-A082-9314AC4E658B}.Debug|Any CPU.ActiveCfg = Webcam|Any CPU
		{A29DCB9B-A653-49CB-A082-9314AC4E658B}.Release|Any CPU.ActiveCfg = Release|Any CPU
	EndGlobalSection
	GlobalSection(SolutionProperties) = preSolution
		HideSolutionNode = FALSE
	EndGlobalSection
	GlobalSection(ExtensibilityGlobals) = postSolution
		SolutionGuid = {18D0006A-D796-454B-8D67-23A7458D77E3}
	EndGlobalSection
EndGlobal
